// !$*UTF8*$!
{
	archiveVersion = 1;
	classes = {
	};
	objectVersion = 56;
	objects = {

/* Begin PBXBuildFile section */
		CB0D45372913E68F007B75E6 /* APIKey.swift in Sources */ = {isa = PBXBuildFile; fileRef = CB0D45362913E68F007B75E6 /* APIKey.swift */; };
		CB0D45392913E6A3007B75E6 /* APIClient.swift in Sources */ = {isa = PBXBuildFile; fileRef = CB0D45382913E6A3007B75E6 /* APIClient.swift */; };
		CB24998228FEC6AD00A53EFB /* AppDelegate.swift in Sources */ = {isa = PBXBuildFile; fileRef = CB24998128FEC6AD00A53EFB /* AppDelegate.swift */; };
		CB24998428FEC6AD00A53EFB /* SceneDelegate.swift in Sources */ = {isa = PBXBuildFile; fileRef = CB24998328FEC6AD00A53EFB /* SceneDelegate.swift */; };
		CB24998628FEC6AD00A53EFB /* AddArtikelVC.swift in Sources */ = {isa = PBXBuildFile; fileRef = CB24998528FEC6AD00A53EFB /* AddArtikelVC.swift */; };
		CB24998928FEC6AD00A53EFB /* Main.storyboard in Resources */ = {isa = PBXBuildFile; fileRef = CB24998728FEC6AD00A53EFB /* Main.storyboard */; };
		CB24998C28FEC6AD00A53EFB /* GroceryListWithCoreData.xcdatamodeld in Sources */ = {isa = PBXBuildFile; fileRef = CB24998A28FEC6AD00A53EFB /* GroceryListWithCoreData.xcdatamodeld */; };
		CB24998E28FEC6AE00A53EFB /* Assets.xcassets in Resources */ = {isa = PBXBuildFile; fileRef = CB24998D28FEC6AE00A53EFB /* Assets.xcassets */; };
		CB24999128FEC6AE00A53EFB /* LaunchScreen.storyboard in Resources */ = {isa = PBXBuildFile; fileRef = CB24998F28FEC6AE00A53EFB /* LaunchScreen.storyboard */; };
		CB24999B28FED07000A53EFB /* ArtikelTableViewCell.swift in Sources */ = {isa = PBXBuildFile; fileRef = CB24999A28FED07000A53EFB /* ArtikelTableViewCell.swift */; };
		CB24999D28FED79400A53EFB /* Constants.swift in Sources */ = {isa = PBXBuildFile; fileRef = CB24999C28FED79400A53EFB /* Constants.swift */; };
		CB3D0F1528FF8BCC00AD6EFB /* HomeScreenVC.swift in Sources */ = {isa = PBXBuildFile; fileRef = CB3D0F1428FF8BCC00AD6EFB /* HomeScreenVC.swift */; };
		CB59BB2E290EF8AE000780C6 /* MyRecipesTVC.swift in Sources */ = {isa = PBXBuildFile; fileRef = CB59BB2D290EF8AE000780C6 /* MyRecipesTVC.swift */; };
		CB59BB30290EF919000780C6 /* AddRecipeVC.swift in Sources */ = {isa = PBXBuildFile; fileRef = CB59BB2F290EF918000780C6 /* AddRecipeVC.swift */; };
		CB59BB32290EF958000780C6 /* DetailRecipeVC.swift in Sources */ = {isa = PBXBuildFile; fileRef = CB59BB31290EF958000780C6 /* DetailRecipeVC.swift */; };
		CB7F7EE32902FBF8005EE6E4 /* MyListTVC.swift in Sources */ = {isa = PBXBuildFile; fileRef = CB7F7EE22902FBF8005EE6E4 /* MyListTVC.swift */; };
		CB7F7EE529030392005EE6E4 /* MyListTableViewCell.swift in Sources */ = {isa = PBXBuildFile; fileRef = CB7F7EE429030392005EE6E4 /* MyListTableViewCell.swift */; };
		CBFA23A2291BEFD900C42489 /* FoodJoke.swift in Sources */ = {isa = PBXBuildFile; fileRef = CBFA23A1291BEFD900C42489 /* FoodJoke.swift */; };
/* End PBXBuildFile section */

/* Begin PBXFileReference section */
		CB0D45362913E68F007B75E6 /* APIKey.swift */ = {isa = PBXFileReference; lastKnownFileType = sourcecode.swift; path = APIKey.swift; sourceTree = "<group>"; };
		CB0D45382913E6A3007B75E6 /* APIClient.swift */ = {isa = PBXFileReference; lastKnownFileType = sourcecode.swift; path = APIClient.swift; sourceTree = "<group>"; };
		CB24997E28FEC6AD00A53EFB /* GroceryListWithCoreData.app */ = {isa = PBXFileReference; explicitFileType = wrapper.application; includeInIndex = 0; path = GroceryListWithCoreData.app; sourceTree = BUILT_PRODUCTS_DIR; };
		CB24998128FEC6AD00A53EFB /* AppDelegate.swift */ = {isa = PBXFileReference; lastKnownFileType = sourcecode.swift; path = AppDelegate.swift; sourceTree = "<group>"; };
		CB24998328FEC6AD00A53EFB /* SceneDelegate.swift */ = {isa = PBXFileReference; lastKnownFileType = sourcecode.swift; path = SceneDelegate.swift; sourceTree = "<group>"; };
		CB24998528FEC6AD00A53EFB /* AddArtikelVC.swift */ = {isa = PBXFileReference; lastKnownFileType = sourcecode.swift; path = AddArtikelVC.swift; sourceTree = "<group>"; };
		CB24998828FEC6AD00A53EFB /* Base */ = {isa = PBXFileReference; lastKnownFileType = file.storyboard; name = Base; path = Base.lproj/Main.storyboard; sourceTree = "<group>"; };
		CB24998B28FEC6AD00A53EFB /* GroceryListWithCoreData.xcdatamodel */ = {isa = PBXFileReference; lastKnownFileType = wrapper.xcdatamodel; path = GroceryListWithCoreData.xcdatamodel; sourceTree = "<group>"; };
		CB24998D28FEC6AE00A53EFB /* Assets.xcassets */ = {isa = PBXFileReference; lastKnownFileType = folder.assetcatalog; path = Assets.xcassets; sourceTree = "<group>"; };
		CB24999028FEC6AE00A53EFB /* Base */ = {isa = PBXFileReference; lastKnownFileType = file.storyboard; name = Base; path = Base.lproj/LaunchScreen.storyboard; sourceTree = "<group>"; };
		CB24999228FEC6AE00A53EFB /* Info.plist */ = {isa = PBXFileReference; lastKnownFileType = text.plist.xml; path = Info.plist; sourceTree = "<group>"; };
		CB24999A28FED07000A53EFB /* ArtikelTableViewCell.swift */ = {isa = PBXFileReference; lastKnownFileType = sourcecode.swift; path = ArtikelTableViewCell.swift; sourceTree = "<group>"; };
		CB24999C28FED79400A53EFB /* Constants.swift */ = {isa = PBXFileReference; lastKnownFileType = sourcecode.swift; path = Constants.swift; sourceTree = "<group>"; };
		CB3D0F1428FF8BCC00AD6EFB /* HomeScreenVC.swift */ = {isa = PBXFileReference; lastKnownFileType = sourcecode.swift; path = HomeScreenVC.swift; sourceTree = "<group>"; };
		CB59BB2D290EF8AE000780C6 /* MyRecipesTVC.swift */ = {isa = PBXFileReference; lastKnownFileType = sourcecode.swift; path = MyRecipesTVC.swift; sourceTree = "<group>"; };
		CB59BB2F290EF918000780C6 /* AddRecipeVC.swift */ = {isa = PBXFileReference; lastKnownFileType = sourcecode.swift; path = AddRecipeVC.swift; sourceTree = "<group>"; };
		CB59BB31290EF958000780C6 /* DetailRecipeVC.swift */ = {isa = PBXFileReference; lastKnownFileType = sourcecode.swift; path = DetailRecipeVC.swift; sourceTree = "<group>"; };
		CB7F7EE22902FBF8005EE6E4 /* MyListTVC.swift */ = {isa = PBXFileReference; lastKnownFileType = sourcecode.swift; path = MyListTVC.swift; sourceTree = "<group>"; };
		CB7F7EE429030392005EE6E4 /* MyListTableViewCell.swift */ = {isa = PBXFileReference; lastKnownFileType = sourcecode.swift; path = MyListTableViewCell.swift; sourceTree = "<group>"; };
		CBFA23A1291BEFD900C42489 /* FoodJoke.swift */ = {isa = PBXFileReference; lastKnownFileType = sourcecode.swift; path = FoodJoke.swift; sourceTree = "<group>"; };
/* End PBXFileReference section */

/* Begin PBXFrameworksBuildPhase section */
		CB24997B28FEC6AD00A53EFB /* Frameworks */ = {
			isa = PBXFrameworksBuildPhase;
			buildActionMask = 2147483647;
			files = (
			);
			runOnlyForDeploymentPostprocessing = 0;
		};
/* End PBXFrameworksBuildPhase section */

/* Begin PBXGroup section */
		CB24997528FEC6AD00A53EFB = {
			isa = PBXGroup;
			children = (
				CB24998028FEC6AD00A53EFB /* GroceryListWithCoreData */,
				CB24997F28FEC6AD00A53EFB /* Products */,
			);
			sourceTree = "<group>";
		};
		CB24997F28FEC6AD00A53EFB /* Products */ = {
			isa = PBXGroup;
			children = (
				CB24997E28FEC6AD00A53EFB /* GroceryListWithCoreData.app */,
			);
			name = Products;
			sourceTree = "<group>";
		};
		CB24998028FEC6AD00A53EFB /* GroceryListWithCoreData */ = {
			isa = PBXGroup;
			children = (
				CBD122EE290F1756007B1ACD /* Controller */,
				CBD122ED290F173D007B1ACD /* View */,
				CBD122EC290F170D007B1ACD /* Model */,
				CB24998128FEC6AD00A53EFB /* AppDelegate.swift */,
				CB24998328FEC6AD00A53EFB /* SceneDelegate.swift */,
				CB24999C28FED79400A53EFB /* Constants.swift */,
				CB24999A28FED07000A53EFB /* ArtikelTableViewCell.swift */,
				CB7F7EE429030392005EE6E4 /* MyListTableViewCell.swift */,
				CB24998D28FEC6AE00A53EFB /* Assets.xcassets */,
				CB24999228FEC6AE00A53EFB /* Info.plist */,
			);
			path = GroceryListWithCoreData;
			sourceTree = "<group>";
		};
		CBD122EC290F170D007B1ACD /* Model */ = {
			isa = PBXGroup;
			children = (
				CB0D45362913E68F007B75E6 /* APIKey.swift */,
				CB0D45382913E6A3007B75E6 /* APIClient.swift */,
				CB24998A28FEC6AD00A53EFB /* GroceryListWithCoreData.xcdatamodeld */,
				CBFA23A1291BEFD900C42489 /* FoodJoke.swift */,
			);
			path = Model;
			sourceTree = "<group>";
		};
		CBD122ED290F173D007B1ACD /* View */ = {
			isa = PBXGroup;
			children = (
				CB24998728FEC6AD00A53EFB /* Main.storyboard */,
				CB24998F28FEC6AE00A53EFB /* LaunchScreen.storyboard */,
			);
			path = View;
			sourceTree = "<group>";
		};
		CBD122EE290F1756007B1ACD /* Controller */ = {
			isa = PBXGroup;
			children = (
				CB24998528FEC6AD00A53EFB /* AddArtikelVC.swift */,
				CB3D0F1428FF8BCC00AD6EFB /* HomeScreenVC.swift */,
				CB7F7EE22902FBF8005EE6E4 /* MyListTVC.swift */,
				CB59BB31290EF958000780C6 /* DetailRecipeVC.swift */,
				CB59BB2F290EF918000780C6 /* AddRecipeVC.swift */,
				CB59BB2D290EF8AE000780C6 /* MyRecipesTVC.swift */,
			);
			path = Controller;
			sourceTree = "<group>";
		};
/* End PBXGroup section */

/* Begin PBXNativeTarget section */
		CB24997D28FEC6AD00A53EFB /* GroceryListWithCoreData */ = {
			isa = PBXNativeTarget;
			buildConfigurationList = CB24999528FEC6AE00A53EFB /* Build configuration list for PBXNativeTarget "GroceryListWithCoreData" */;
			buildPhases = (
				CB24997A28FEC6AD00A53EFB /* Sources */,
				CB24997B28FEC6AD00A53EFB /* Frameworks */,
				CB24997C28FEC6AD00A53EFB /* Resources */,
			);
			buildRules = (
			);
			dependencies = (
			);
			name = GroceryListWithCoreData;
			productName = GroceryListWithCoreData;
			productReference = CB24997E28FEC6AD00A53EFB /* GroceryListWithCoreData.app */;
			productType = "com.apple.product-type.application";
		};
/* End PBXNativeTarget section */

/* Begin PBXProject section */
		CB24997628FEC6AD00A53EFB /* Project object */ = {
			isa = PBXProject;
			attributes = {
				BuildIndependentTargetsInParallel = 1;
				LastSwiftUpdateCheck = 1400;
				LastUpgradeCheck = 1400;
				TargetAttributes = {
					CB24997D28FEC6AD00A53EFB = {
						CreatedOnToolsVersion = 14.0.1;
					};
				};
			};
			buildConfigurationList = CB24997928FEC6AD00A53EFB /* Build configuration list for PBXProject "GroceryListWithCoreData" */;
			compatibilityVersion = "Xcode 14.0";
			developmentRegion = en;
			hasScannedForEncodings = 0;
			knownRegions = (
				en,
				Base,
			);
			mainGroup = CB24997528FEC6AD00A53EFB;
			productRefGroup = CB24997F28FEC6AD00A53EFB /* Products */;
			projectDirPath = "";
			projectRoot = "";
			targets = (
				CB24997D28FEC6AD00A53EFB /* GroceryListWithCoreData */,
			);
		};
/* End PBXProject section */

/* Begin PBXResourcesBuildPhase section */
		CB24997C28FEC6AD00A53EFB /* Resources */ = {
			isa = PBXResourcesBuildPhase;
			buildActionMask = 2147483647;
			files = (
				CB24999128FEC6AE00A53EFB /* LaunchScreen.storyboard in Resources */,
				CB24998E28FEC6AE00A53EFB /* Assets.xcassets in Resources */,
				CB24998928FEC6AD00A53EFB /* Main.storyboard in Resources */,
			);
			runOnlyForDeploymentPostprocessing = 0;
		};
/* End PBXResourcesBuildPhase section */

/* Begin PBXSourcesBuildPhase section */
		CB24997A28FEC6AD00A53EFB /* Sources */ = {
			isa = PBXSourcesBuildPhase;
			buildActionMask = 2147483647;
			files = (
				CB24999B28FED07000A53EFB /* ArtikelTableViewCell.swift in Sources */,
				CB0D45392913E6A3007B75E6 /* APIClient.swift in Sources */,
				CB7F7EE32902FBF8005EE6E4 /* MyListTVC.swift in Sources */,
				CB24998628FEC6AD00A53EFB /* AddArtikelVC.swift in Sources */,
				CB7F7EE529030392005EE6E4 /* MyListTableViewCell.swift in Sources */,
				CB24998228FEC6AD00A53EFB /* AppDelegate.swift in Sources */,
				CB3D0F1528FF8BCC00AD6EFB /* HomeScreenVC.swift in Sources */,
				CB59BB30290EF919000780C6 /* AddRecipeVC.swift in Sources */,
				CBFA23A2291BEFD900C42489 /* FoodJoke.swift in Sources */,
				CB59BB32290EF958000780C6 /* DetailRecipeVC.swift in Sources */,
				CB24999D28FED79400A53EFB /* Constants.swift in Sources */,
				CB24998C28FEC6AD00A53EFB /* GroceryListWithCoreData.xcdatamodeld in Sources */,
				CB59BB2E290EF8AE000780C6 /* MyRecipesTVC.swift in Sources */,
				CB0D45372913E68F007B75E6 /* APIKey.swift in Sources */,
				CB24998428FEC6AD00A53EFB /* SceneDelegate.swift in Sources */,
			);
			runOnlyForDeploymentPostprocessing = 0;
		};
/* End PBXSourcesBuildPhase section */

/* Begin PBXVariantGroup section */
		CB24998728FEC6AD00A53EFB /* Main.storyboard */ = {
			isa = PBXVariantGroup;
			children = (
				CB24998828FEC6AD00A53EFB /* Base */,
			);
			name = Main.storyboard;
			sourceTree = "<group>";
		};
		CB24998F28FEC6AE00A53EFB /* LaunchScreen.storyboard */ = {
			isa = PBXVariantGroup;
			children = (
				CB24999028FEC6AE00A53EFB /* Base */,
			);
			name = LaunchScreen.storyboard;
			sourceTree = "<group>";
		};
/* End PBXVariantGroup section */

/* Begin XCBuildConfiguration section */
		CB24999328FEC6AE00A53EFB /* Debug */ = {
			isa = XCBuildConfiguration;
			buildSettings = {
				ALWAYS_SEARCH_USER_PATHS = NO;
				CLANG_ANALYZER_NONNULL = YES;
				CLANG_ANALYZER_NUMBER_OBJECT_CONVERSION = YES_AGGRESSIVE;
				CLANG_CXX_LANGUAGE_STANDARD = "gnu++20";
				CLANG_ENABLE_MODULES = YES;
				CLANG_ENABLE_OBJC_ARC = YES;
				CLANG_ENABLE_OBJC_WEAK = YES;
				CLANG_WARN_BLOCK_CAPTURE_AUTORELEASING = YES;
				CLANG_WARN_BOOL_CONVERSION = YES;
				CLANG_WARN_COMMA = YES;
				CLANG_WARN_CONSTANT_CONVERSION = YES;
				CLANG_WARN_DEPRECATED_OBJC_IMPLEMENTATIONS = YES;
				CLANG_WARN_DIRECT_OBJC_ISA_USAGE = YES_ERROR;
				CLANG_WARN_DOCUMENTATION_COMMENTS = YES;
				CLANG_WARN_EMPTY_BODY = YES;
				CLANG_WARN_ENUM_CONVERSION = YES;
				CLANG_WARN_INFINITE_RECURSION = YES;
				CLANG_WARN_INT_CONVERSION = YES;
				CLANG_WARN_NON_LITERAL_NULL_CONVERSION = YES;
				CLANG_WARN_OBJC_IMPLICIT_RETAIN_SELF = YES;
				CLANG_WARN_OBJC_LITERAL_CONVERSION = YES;
				CLANG_WARN_OBJC_ROOT_CLASS = YES_ERROR;
				CLANG_WARN_QUOTED_INCLUDE_IN_FRAMEWORK_HEADER = YES;
				CLANG_WARN_RANGE_LOOP_ANALYSIS = YES;
				CLANG_WARN_STRICT_PROTOTYPES = YES;
				CLANG_WARN_SUSPICIOUS_MOVE = YES;
				CLANG_WARN_UNGUARDED_AVAILABILITY = YES_AGGRESSIVE;
				CLANG_WARN_UNREACHABLE_CODE = YES;
				CLANG_WARN__DUPLICATE_METHOD_MATCH = YES;
				COPY_PHASE_STRIP = NO;
				DEBUG_INFORMATION_FORMAT = dwarf;
				ENABLE_STRICT_OBJC_MSGSEND = YES;
				ENABLE_TESTABILITY = YES;
				GCC_C_LANGUAGE_STANDARD = gnu11;
				GCC_DYNAMIC_NO_PIC = NO;
				GCC_NO_COMMON_BLOCKS = YES;
				GCC_OPTIMIZATION_LEVEL = 0;
				GCC_PREPROCESSOR_DEFINITIONS = (
					"DEBUG=1",
					"$(inherited)",
				);
				GCC_WARN_64_TO_32_BIT_CONVERSION = YES;
				GCC_WARN_ABOUT_RETURN_TYPE = YES_ERROR;
				GCC_WARN_UNDECLARED_SELECTOR = YES;
				GCC_WARN_UNINITIALIZED_AUTOS = YES_AGGRESSIVE;
				GCC_WARN_UNUSED_FUNCTION = YES;
				GCC_WARN_UNUSED_VARIABLE = YES;
				IPHONEOS_DEPLOYMENT_TARGET = 16.0;
				MTL_ENABLE_DEBUG_INFO = INCLUDE_SOURCE;
				MTL_FAST_MATH = YES;
				ONLY_ACTIVE_ARCH = YES;
				SDKROOT = iphoneos;
				SWIFT_ACTIVE_COMPILATION_CONDITIONS = DEBUG;
				SWIFT_OPTIMIZATION_LEVEL = "-Onone";
			};
			name = Debug;
		};
		CB24999428FEC6AE00A53EFB /* Release */ = {
			isa = XCBuildConfiguration;
			buildSettings = {
				ALWAYS_SEARCH_USER_PATHS = NO;
				CLANG_ANALYZER_NONNULL = YES;
				CLANG_ANALYZER_NUMBER_OBJECT_CONVERSION = YES_AGGRESSIVE;
				CLANG_CXX_LANGUAGE_STANDARD = "gnu++20";
				CLANG_ENABLE_MODULES = YES;
				CLANG_ENABLE_OBJC_ARC = YES;
				CLANG_ENABLE_OBJC_WEAK = YES;
				CLANG_WARN_BLOCK_CAPTURE_AUTORELEASING = YES;
				CLANG_WARN_BOOL_CONVERSION = YES;
				CLANG_WARN_COMMA = YES;
				CLANG_WARN_CONSTANT_CONVERSION = YES;
				CLANG_WARN_DEPRECATED_OBJC_IMPLEMENTATIONS = YES;
				CLANG_WARN_DIRECT_OBJC_ISA_USAGE = YES_ERROR;
				CLANG_WARN_DOCUMENTATION_COMMENTS = YES;
				CLANG_WARN_EMPTY_BODY = YES;
				CLANG_WARN_ENUM_CONVERSION = YES;
				CLANG_WARN_INFINITE_RECURSION = YES;
				CLANG_WARN_INT_CONVERSION = YES;
				CLANG_WARN_NON_LITERAL_NULL_CONVERSION = YES;
				CLANG_WARN_OBJC_IMPLICIT_RETAIN_SELF = YES;
				CLANG_WARN_OBJC_LITERAL_CONVERSION = YES;
				CLANG_WARN_OBJC_ROOT_CLASS = YES_ERROR;
				CLANG_WARN_QUOTED_INCLUDE_IN_FRAMEWORK_HEADER = YES;
				CLANG_WARN_RANGE_LOOP_ANALYSIS = YES;
				CLANG_WARN_STRICT_PROTOTYPES = YES;
				CLANG_WARN_SUSPICIOUS_MOVE = YES;
				CLANG_WARN_UNGUARDED_AVAILABILITY = YES_AGGRESSIVE;
				CLANG_WARN_UNREACHABLE_CODE = YES;
				CLANG_WARN__DUPLICATE_METHOD_MATCH = YES;
				COPY_PHASE_STRIP = NO;
				DEBUG_INFORMATION_FORMAT = "dwarf-with-dsym";
				ENABLE_NS_ASSERTIONS = NO;
				ENABLE_STRICT_OBJC_MSGSEND = YES;
				GCC_C_LANGUAGE_STANDARD = gnu11;
				GCC_NO_COMMON_BLOCKS = YES;
				GCC_WARN_64_TO_32_BIT_CONVERSION = YES;
				GCC_WARN_ABOUT_RETURN_TYPE = YES_ERROR;
				GCC_WARN_UNDECLARED_SELECTOR = YES;
				GCC_WARN_UNINITIALIZED_AUTOS = YES_AGGRESSIVE;
				GCC_WARN_UNUSED_FUNCTION = YES;
				GCC_WARN_UNUSED_VARIABLE = YES;
				IPHONEOS_DEPLOYMENT_TARGET = 16.0;
				MTL_ENABLE_DEBUG_INFO = NO;
				MTL_FAST_MATH = YES;
				SDKROOT = iphoneos;
				SWIFT_COMPILATION_MODE = wholemodule;
				SWIFT_OPTIMIZATION_LEVEL = "-O";
				VALIDATE_PRODUCT = YES;
			};
			name = Release;
		};
		CB24999628FEC6AE00A53EFB /* Debug */ = {
			isa = XCBuildConfiguration;
			buildSettings = {
				ASSETCATALOG_COMPILER_APPICON_NAME = AppIcon;
				ASSETCATALOG_COMPILER_GLOBAL_ACCENT_COLOR_NAME = AccentColor;
				CODE_SIGN_STYLE = Automatic;
				CURRENT_PROJECT_VERSION = 1;
				GENERATE_INFOPLIST_FILE = YES;
				INFOPLIST_FILE = GroceryListWithCoreData/Info.plist;
				INFOPLIST_KEY_UIApplicationSupportsIndirectInputEvents = YES;
				INFOPLIST_KEY_UILaunchStoryboardName = LaunchScreen;
				INFOPLIST_KEY_UIMainStoryboardFile = Main;
				INFOPLIST_KEY_UISupportedInterfaceOrientations_iPad = "UIInterfaceOrientationPortrait UIInterfaceOrientationPortraitUpsideDown UIInterfaceOrientationLandscapeLeft UIInterfaceOrientationLandscapeRight";
				INFOPLIST_KEY_UISupportedInterfaceOrientations_iPhone = "UIInterfaceOrientationPortrait UIInterfaceOrientationLandscapeLeft UIInterfaceOrientationLandscapeRight";
				LD_RUNPATH_SEARCH_PATHS = (
					"$(inherited)",
					"@executable_path/Frameworks",
				);
				MARKETING_VERSION = 1.0;
				PRODUCT_BUNDLE_IDENTIFIER = de.aichuAlym.GroceryListWithCoreData;
				PRODUCT_NAME = "$(TARGET_NAME)";
				SWIFT_EMIT_LOC_STRINGS = YES;
				SWIFT_VERSION = 5.0;
				TARGETED_DEVICE_FAMILY = "1,2";
			};
			name = Debug;
		};
		CB24999728FEC6AE00A53EFB /* Release */ = {
			isa = XCBuildConfiguration;
			buildSettings = {
				ASSETCATALOG_COMPILER_APPICON_NAME = AppIcon;
				ASSETCATALOG_COMPILER_GLOBAL_ACCENT_COLOR_NAME = AccentColor;
				CODE_SIGN_STYLE = Automatic;
				CURRENT_PROJECT_VERSION = 1;
				GENERATE_INFOPLIST_FILE = YES;
				INFOPLIST_FILE = GroceryListWithCoreData/Info.plist;
				INFOPLIST_KEY_UIApplicationSupportsIndirectInputEvents = YES;
				INFOPLIST_KEY_UILaunchStoryboardName = LaunchScreen;
				INFOPLIST_KEY_UIMainStoryboardFile = Main;
				INFOPLIST_KEY_UISupportedInterfaceOrientations_iPad = "UIInterfaceOrientationPortrait UIInterfaceOrientationPortraitUpsideDown UIInterfaceOrientationLandscapeLeft UIInterfaceOrientationLandscapeRight";
				INFOPLIST_KEY_UISupportedInterfaceOrientations_iPhone = "UIInterfaceOrientationPortrait UIInterfaceOrientationLandscapeLeft UIInterfaceOrientationLandscapeRight";
				LD_RUNPATH_SEARCH_PATHS = (
					"$(inherited)",
					"@executable_path/Frameworks",
				);
				MARKETING_VERSION = 1.0;
				PRODUCT_BUNDLE_IDENTIFIER = de.aichuAlym.GroceryListWithCoreData;
				PRODUCT_NAME = "$(TARGET_NAME)";
				SWIFT_EMIT_LOC_STRINGS = YES;
				SWIFT_VERSION = 5.0;
				TARGETED_DEVICE_FAMILY = "1,2";
			};
			name = Release;
		};
/* End XCBuildConfiguration section */

/* Begin XCConfigurationList section */
		CB24997928FEC6AD00A53EFB /* Build configuration list for PBXProject "GroceryListWithCoreData" */ = {
			isa = XCConfigurationList;
			buildConfigurations = (
				CB24999328FEC6AE00A53EFB /* Debug */,
				CB24999428FEC6AE00A53EFB /* Release */,
			);
			defaultConfigurationIsVisible = 0;
			defaultConfigurationName = Release;
		};
		CB24999528FEC6AE00A53EFB /* Build configuration list for PBXNativeTarget "GroceryListWithCoreData" */ = {
			isa = XCConfigurationList;
			buildConfigurations = (
				CB24999628FEC6AE00A53EFB /* Debug */,
				CB24999728FEC6AE00A53EFB /* Release */,
			);
			defaultConfigurationIsVisible = 0;
			defaultConfigurationName = Release;
		};
/* End XCConfigurationList section */

/* Begin XCVersionGroup section */
		CB24998A28FEC6AD00A53EFB /* GroceryListWithCoreData.xcdatamodeld */ = {
			isa = XCVersionGroup;
			children = (
				CB24998B28FEC6AD00A53EFB /* GroceryListWithCoreData.xcdatamodel */,
			);
			currentVersion = CB24998B28FEC6AD00A53EFB /* GroceryListWithCoreData.xcdatamodel */;
			path = GroceryListWithCoreData.xcdatamodeld;
			sourceTree = "<group>";
			versionGroupType = wrapper.xcdatamodel;
		};
/* End XCVersionGroup section */
	};
	rootObject = CB24997628FEC6AD00A53EFB /* Project object */;
}
